// !$*UTF8*$!
{
	archiveVersion = 1;
	classes = {
	};
	objectVersion = 55;
	objects = {

/* Begin PBXBuildFile section */
		D5121FC528E706FB0052C9E5 /* CountriesListInteractor.swift in Sources */ = {isa = PBXBuildFile; fileRef = D5121FC428E706FB0052C9E5 /* CountriesListInteractor.swift */; };
		D5121FC728E70C950052C9E5 /* CountriesListPresenter.swift in Sources */ = {isa = PBXBuildFile; fileRef = D5121FC628E70C950052C9E5 /* CountriesListPresenter.swift */; };
		D5121FC928EB02460052C9E5 /* CountriesListRouter.swift in Sources */ = {isa = PBXBuildFile; fileRef = D5121FC828EB02460052C9E5 /* CountriesListRouter.swift */; };
		D5121FCB28ED8B560052C9E5 /* CountriesListConfigurator.swift in Sources */ = {isa = PBXBuildFile; fileRef = D5121FCA28ED8B560052C9E5 /* CountriesListConfigurator.swift */; };
		D53CA77828E5B05200EF7991 /* CountriesListModels.swift in Sources */ = {isa = PBXBuildFile; fileRef = D53CA77728E5B05200EF7991 /* CountriesListModels.swift */; };
		D54AF89A283BAA4900514BE7 /* CountriesListViewController.swift in Sources */ = {isa = PBXBuildFile; fileRef = D54AF899283BAA4900514BE7 /* CountriesListViewController.swift */; };
		D54AF89C283BAB9A00514BE7 /* .gitignore in Resources */ = {isa = PBXBuildFile; fileRef = D54AF89B283BAB9A00514BE7 /* .gitignore */; };
		D54AF8A2283BAFB000514BE7 /* Country.swift in Sources */ = {isa = PBXBuildFile; fileRef = D54AF8A1283BAFB000514BE7 /* Country.swift */; };
		D583BD43283D11EC00096A87 /* CountryCell.swift in Sources */ = {isa = PBXBuildFile; fileRef = D583BD42283D11EC00096A87 /* CountryCell.swift */; };
		D59A3D0F283BA15200D74EBB /* AppDelegate.swift in Sources */ = {isa = PBXBuildFile; fileRef = D59A3D0E283BA15200D74EBB /* AppDelegate.swift */; };
		D59A3D11283BA15200D74EBB /* SceneDelegate.swift in Sources */ = {isa = PBXBuildFile; fileRef = D59A3D10283BA15200D74EBB /* SceneDelegate.swift */; };
		D59A3D13283BA15200D74EBB /* CountryDetailsViewController.swift in Sources */ = {isa = PBXBuildFile; fileRef = D59A3D12283BA15200D74EBB /* CountryDetailsViewController.swift */; };
		D59A3D16283BA15200D74EBB /* Main.storyboard in Resources */ = {isa = PBXBuildFile; fileRef = D59A3D14283BA15200D74EBB /* Main.storyboard */; };
		D59A3D18283BA15300D74EBB /* Assets.xcassets in Resources */ = {isa = PBXBuildFile; fileRef = D59A3D17283BA15300D74EBB /* Assets.xcassets */; };
		D59A3D1B283BA15300D74EBB /* LaunchScreen.storyboard in Resources */ = {isa = PBXBuildFile; fileRef = D59A3D19283BA15300D74EBB /* LaunchScreen.storyboard */; };
		D5BD018628CA106700FEB17A /* CountryDetailsModels.swift in Sources */ = {isa = PBXBuildFile; fileRef = D5BD018528CA106700FEB17A /* CountryDetailsModels.swift */; };
		D5BD018828CA14E900FEB17A /* CountryDetailsInteractor.swift in Sources */ = {isa = PBXBuildFile; fileRef = D5BD018728CA14E900FEB17A /* CountryDetailsInteractor.swift */; };
		D5BD018A28CA158F00FEB17A /* ImageManager.swift in Sources */ = {isa = PBXBuildFile; fileRef = D5BD018928CA158F00FEB17A /* ImageManager.swift */; };
		D5BD018C28CA1D4F00FEB17A /* CountryDetailsPresenter.swift in Sources */ = {isa = PBXBuildFile; fileRef = D5BD018B28CA1D4F00FEB17A /* CountryDetailsPresenter.swift */; };
		D5BD018E28CA206F00FEB17A /* CountryDetailsWorker.swift in Sources */ = {isa = PBXBuildFile; fileRef = D5BD018D28CA206F00FEB17A /* CountryDetailsWorker.swift */; };
		D5BD019028CB531100FEB17A /* CountryDetailsRouter.swift in Sources */ = {isa = PBXBuildFile; fileRef = D5BD018F28CB531100FEB17A /* CountryDetailsRouter.swift */; };
		D5C7C84D283E46B5008D5D2C /* NetworkManager.swift in Sources */ = {isa = PBXBuildFile; fileRef = D5C7C84C283E46B5008D5D2C /* NetworkManager.swift */; };
/* End PBXBuildFile section */

/* Begin PBXFileReference section */
		D5121FC428E706FB0052C9E5 /* CountriesListInteractor.swift */ = {isa = PBXFileReference; lastKnownFileType = sourcecode.swift; path = CountriesListInteractor.swift; sourceTree = "<group>"; };
		D5121FC628E70C950052C9E5 /* CountriesListPresenter.swift */ = {isa = PBXFileReference; lastKnownFileType = sourcecode.swift; path = CountriesListPresenter.swift; sourceTree = "<group>"; };
		D5121FC828EB02460052C9E5 /* CountriesListRouter.swift */ = {isa = PBXFileReference; lastKnownFileType = sourcecode.swift; path = CountriesListRouter.swift; sourceTree = "<group>"; };
		D5121FCA28ED8B560052C9E5 /* CountriesListConfigurator.swift */ = {isa = PBXFileReference; lastKnownFileType = sourcecode.swift; path = CountriesListConfigurator.swift; sourceTree = "<group>"; };
		D53CA77728E5B05200EF7991 /* CountriesListModels.swift */ = {isa = PBXFileReference; lastKnownFileType = sourcecode.swift; path = CountriesListModels.swift; sourceTree = "<group>"; };
		D54AF899283BAA4900514BE7 /* CountriesListViewController.swift */ = {isa = PBXFileReference; lastKnownFileType = sourcecode.swift; path = CountriesListViewController.swift; sourceTree = "<group>"; };
		D54AF89B283BAB9A00514BE7 /* .gitignore */ = {isa = PBXFileReference; fileEncoding = 4; lastKnownFileType = text; path = .gitignore; sourceTree = SOURCE_ROOT; };
		D54AF8A1283BAFB000514BE7 /* Country.swift */ = {isa = PBXFileReference; lastKnownFileType = sourcecode.swift; path = Country.swift; sourceTree = "<group>"; };
		D583BD42283D11EC00096A87 /* CountryCell.swift */ = {isa = PBXFileReference; lastKnownFileType = sourcecode.swift; path = CountryCell.swift; sourceTree = "<group>"; };
		D59A3D0B283BA15200D74EBB /* CountriesJSON.app */ = {isa = PBXFileReference; explicitFileType = wrapper.application; includeInIndex = 0; path = CountriesJSON.app; sourceTree = BUILT_PRODUCTS_DIR; };
		D59A3D0E283BA15200D74EBB /* AppDelegate.swift */ = {isa = PBXFileReference; lastKnownFileType = sourcecode.swift; path = AppDelegate.swift; sourceTree = "<group>"; };
		D59A3D10283BA15200D74EBB /* SceneDelegate.swift */ = {isa = PBXFileReference; lastKnownFileType = sourcecode.swift; path = SceneDelegate.swift; sourceTree = "<group>"; };
		D59A3D12283BA15200D74EBB /* CountryDetailsViewController.swift */ = {isa = PBXFileReference; lastKnownFileType = sourcecode.swift; path = CountryDetailsViewController.swift; sourceTree = "<group>"; };
		D59A3D15283BA15200D74EBB /* Base */ = {isa = PBXFileReference; lastKnownFileType = file.storyboard; name = Base; path = Base.lproj/Main.storyboard; sourceTree = "<group>"; };
		D59A3D17283BA15300D74EBB /* Assets.xcassets */ = {isa = PBXFileReference; lastKnownFileType = folder.assetcatalog; path = Assets.xcassets; sourceTree = "<group>"; };
		D59A3D1A283BA15300D74EBB /* Base */ = {isa = PBXFileReference; lastKnownFileType = file.storyboard; name = Base; path = Base.lproj/LaunchScreen.storyboard; sourceTree = "<group>"; };
		D59A3D1C283BA15300D74EBB /* Info.plist */ = {isa = PBXFileReference; lastKnownFileType = text.plist.xml; path = Info.plist; sourceTree = "<group>"; };
		D5BD018528CA106700FEB17A /* CountryDetailsModels.swift */ = {isa = PBXFileReference; lastKnownFileType = sourcecode.swift; path = CountryDetailsModels.swift; sourceTree = "<group>"; };
		D5BD018728CA14E900FEB17A /* CountryDetailsInteractor.swift */ = {isa = PBXFileReference; lastKnownFileType = sourcecode.swift; path = CountryDetailsInteractor.swift; sourceTree = "<group>"; };
		D5BD018928CA158F00FEB17A /* ImageManager.swift */ = {isa = PBXFileReference; lastKnownFileType = sourcecode.swift; path = ImageManager.swift; sourceTree = "<group>"; };
		D5BD018B28CA1D4F00FEB17A /* CountryDetailsPresenter.swift */ = {isa = PBXFileReference; lastKnownFileType = sourcecode.swift; path = CountryDetailsPresenter.swift; sourceTree = "<group>"; };
		D5BD018D28CA206F00FEB17A /* CountryDetailsWorker.swift */ = {isa = PBXFileReference; lastKnownFileType = sourcecode.swift; path = CountryDetailsWorker.swift; sourceTree = "<group>"; };
		D5BD018F28CB531100FEB17A /* CountryDetailsRouter.swift */ = {isa = PBXFileReference; lastKnownFileType = sourcecode.swift; path = CountryDetailsRouter.swift; sourceTree = "<group>"; };
		D5C7C84C283E46B5008D5D2C /* NetworkManager.swift */ = {isa = PBXFileReference; lastKnownFileType = sourcecode.swift; path = NetworkManager.swift; sourceTree = "<group>"; };
/* End PBXFileReference section */

/* Begin PBXFrameworksBuildPhase section */
		D59A3D08283BA15200D74EBB /* Frameworks */ = {
			isa = PBXFrameworksBuildPhase;
			buildActionMask = 2147483647;
			files = (
			);
			runOnlyForDeploymentPostprocessing = 0;
		};
/* End PBXFrameworksBuildPhase section */

/* Begin PBXGroup section */
		D511E6CF283DE0DF00A5FA38 /* Model */ = {
			isa = PBXGroup;
			children = (
				D54AF8A1283BAFB000514BE7 /* Country.swift */,
			);
			path = Model;
			sourceTree = "<group>";
		};
		D511E6D0283F277100A5FA38 /* Network */ = {
			isa = PBXGroup;
			children = (
				D5C7C84C283E46B5008D5D2C /* NetworkManager.swift */,
				D5BD018928CA158F00FEB17A /* ImageManager.swift */,
			);
			path = Network;
			sourceTree = "<group>";
		};
		D53CA77628D8885500EF7991 /* CountriesList */ = {
			isa = PBXGroup;
			children = (
				D583BD42283D11EC00096A87 /* CountryCell.swift */,
				D54AF899283BAA4900514BE7 /* CountriesListViewController.swift */,
				D53CA77728E5B05200EF7991 /* CountriesListModels.swift */,
				D5121FC428E706FB0052C9E5 /* CountriesListInteractor.swift */,
				D5121FC628E70C950052C9E5 /* CountriesListPresenter.swift */,
				D5121FC828EB02460052C9E5 /* CountriesListRouter.swift */,
				D5121FCA28ED8B560052C9E5 /* CountriesListConfigurator.swift */,
			);
			path = CountriesList;
			sourceTree = "<group>";
		};
		D54AF89E283BABCF00514BE7 /* StoryBoards */ = {
			isa = PBXGroup;
			children = (
				D59A3D14283BA15200D74EBB /* Main.storyboard */,
				D59A3D19283BA15300D74EBB /* LaunchScreen.storyboard */,
			);
			path = StoryBoards;
			sourceTree = "<group>";
		};
		D54AF89F283BABE400514BE7 /* App */ = {
			isa = PBXGroup;
			children = (
				D59A3D0E283BA15200D74EBB /* AppDelegate.swift */,
				D59A3D10283BA15200D74EBB /* SceneDelegate.swift */,
				D59A3D1C283BA15300D74EBB /* Info.plist */,
			);
			path = App;
			sourceTree = "<group>";
		};
		D54AF8A0283BAC1000514BE7 /* Resources */ = {
			isa = PBXGroup;
			children = (
				D59A3D17283BA15300D74EBB /* Assets.xcassets */,
			);
			path = Resources;
			sourceTree = "<group>";
		};
		D59A3D02283BA15200D74EBB = {
			isa = PBXGroup;
			children = (
				D59A3D0D283BA15200D74EBB /* CountriesJSON */,
				D59A3D0C283BA15200D74EBB /* Products */,
			);
			sourceTree = "<group>";
		};
		D59A3D0C283BA15200D74EBB /* Products */ = {
			isa = PBXGroup;
			children = (
				D59A3D0B283BA15200D74EBB /* CountriesJSON.app */,
			);
			name = Products;
			sourceTree = "<group>";
		};
		D59A3D0D283BA15200D74EBB /* CountriesJSON */ = {
			isa = PBXGroup;
			children = (
				D5BD018428CA0E3F00FEB17A /* CountryDetails */,
				D53CA77628D8885500EF7991 /* CountriesList */,
				D54AF89F283BABE400514BE7 /* App */,
				D511E6D0283F277100A5FA38 /* Network */,
				D511E6CF283DE0DF00A5FA38 /* Model */,
				D54AF89E283BABCF00514BE7 /* StoryBoards */,
				D54AF8A0283BAC1000514BE7 /* Resources */,
				D54AF89B283BAB9A00514BE7 /* .gitignore */,
			);
			path = CountriesJSON;
			sourceTree = "<group>";
		};
		D5BD018428CA0E3F00FEB17A /* CountryDetails */ = {
			isa = PBXGroup;
			children = (
				D59A3D12283BA15200D74EBB /* CountryDetailsViewController.swift */,
				D5BD018728CA14E900FEB17A /* CountryDetailsInteractor.swift */,
				D5BD018B28CA1D4F00FEB17A /* CountryDetailsPresenter.swift */,
				D5BD018D28CA206F00FEB17A /* CountryDetailsWorker.swift */,
				D5BD018F28CB531100FEB17A /* CountryDetailsRouter.swift */,
				D5BD018528CA106700FEB17A /* CountryDetailsModels.swift */,
			);
			path = CountryDetails;
			sourceTree = "<group>";
		};
/* End PBXGroup section */

/* Begin PBXNativeTarget section */
		D59A3D0A283BA15200D74EBB /* CountriesJSON */ = {
			isa = PBXNativeTarget;
			buildConfigurationList = D59A3D1F283BA15300D74EBB /* Build configuration list for PBXNativeTarget "CountriesJSON" */;
			buildPhases = (
				D59A3D07283BA15200D74EBB /* Sources */,
				D59A3D08283BA15200D74EBB /* Frameworks */,
				D59A3D09283BA15200D74EBB /* Resources */,
			);
			buildRules = (
			);
			dependencies = (
			);
			name = CountriesJSON;
			productName = CountriesJSON;
			productReference = D59A3D0B283BA15200D74EBB /* CountriesJSON.app */;
			productType = "com.apple.product-type.application";
		};
/* End PBXNativeTarget section */

/* Begin PBXProject section */
		D59A3D03283BA15200D74EBB /* Project object */ = {
			isa = PBXProject;
			attributes = {
				BuildIndependentTargetsInParallel = 1;
				LastSwiftUpdateCheck = 1340;
				LastUpgradeCheck = 1340;
				TargetAttributes = {
					D59A3D0A283BA15200D74EBB = {
						CreatedOnToolsVersion = 13.4;
					};
				};
			};
			buildConfigurationList = D59A3D06283BA15200D74EBB /* Build configuration list for PBXProject "CountriesJSON" */;
			compatibilityVersion = "Xcode 13.0";
			developmentRegion = en;
			hasScannedForEncodings = 0;
			knownRegions = (
				en,
				Base,
			);
			mainGroup = D59A3D02283BA15200D74EBB;
			productRefGroup = D59A3D0C283BA15200D74EBB /* Products */;
			projectDirPath = "";
			projectRoot = "";
			targets = (
				D59A3D0A283BA15200D74EBB /* CountriesJSON */,
			);
		};
/* End PBXProject section */

/* Begin PBXResourcesBuildPhase section */
		D59A3D09283BA15200D74EBB /* Resources */ = {
			isa = PBXResourcesBuildPhase;
			buildActionMask = 2147483647;
			files = (
				D54AF89C283BAB9A00514BE7 /* .gitignore in Resources */,
				D59A3D1B283BA15300D74EBB /* LaunchScreen.storyboard in Resources */,
				D59A3D18283BA15300D74EBB /* Assets.xcassets in Resources */,
				D59A3D16283BA15200D74EBB /* Main.storyboard in Resources */,
			);
			runOnlyForDeploymentPostprocessing = 0;
		};
/* End PBXResourcesBuildPhase section */

/* Begin PBXSourcesBuildPhase section */
		D59A3D07283BA15200D74EBB /* Sources */ = {
			isa = PBXSourcesBuildPhase;
			buildActionMask = 2147483647;
			files = (
				D59A3D13283BA15200D74EBB /* CountryDetailsViewController.swift in Sources */,
				D5BD018E28CA206F00FEB17A /* CountryDetailsWorker.swift in Sources */,
				D5BD018A28CA158F00FEB17A /* ImageManager.swift in Sources */,
				D59A3D0F283BA15200D74EBB /* AppDelegate.swift in Sources */,
				D53CA77828E5B05200EF7991 /* CountriesListModels.swift in Sources */,
				D5BD019028CB531100FEB17A /* CountryDetailsRouter.swift in Sources */,
				D5121FC528E706FB0052C9E5 /* CountriesListInteractor.swift in Sources */,
				D5121FC728E70C950052C9E5 /* CountriesListPresenter.swift in Sources */,
				D583BD43283D11EC00096A87 /* CountryCell.swift in Sources */,
				D5121FCB28ED8B560052C9E5 /* CountriesListConfigurator.swift in Sources */,
				D5121FC928EB02460052C9E5 /* CountriesListRouter.swift in Sources */,
				D5BD018628CA106700FEB17A /* CountryDetailsModels.swift in Sources */,
				D5BD018828CA14E900FEB17A /* CountryDetailsInteractor.swift in Sources */,
				D5C7C84D283E46B5008D5D2C /* NetworkManager.swift in Sources */,
				D5BD018C28CA1D4F00FEB17A /* CountryDetailsPresenter.swift in Sources */,
				D59A3D11283BA15200D74EBB /* SceneDelegate.swift in Sources */,
				D54AF8A2283BAFB000514BE7 /* Country.swift in Sources */,
				D54AF89A283BAA4900514BE7 /* CountriesListViewController.swift in Sources */,
			);
			runOnlyForDeploymentPostprocessing = 0;
		};
/* End PBXSourcesBuildPhase section */

/* Begin PBXVariantGroup section */
		D59A3D14283BA15200D74EBB /* Main.storyboard */ = {
			isa = PBXVariantGroup;
			children = (
				D59A3D15283BA15200D74EBB /* Base */,
			);
			name = Main.storyboard;
			sourceTree = "<group>";
		};
		D59A3D19283BA15300D74EBB /* LaunchScreen.storyboard */ = {
			isa = PBXVariantGroup;
			children = (
				D59A3D1A283BA15300D74EBB /* Base */,
			);
			name = LaunchScreen.storyboard;
			sourceTree = "<group>";
		};
/* End PBXVariantGroup section */

/* Begin XCBuildConfiguration section */
		D59A3D1D283BA15300D74EBB /* Debug */ = {
			isa = XCBuildConfiguration;
			buildSettings = {
				ALWAYS_SEARCH_USER_PATHS = NO;
				CLANG_ANALYZER_NONNULL = YES;
				CLANG_ANALYZER_NUMBER_OBJECT_CONVERSION = YES_AGGRESSIVE;
				CLANG_CXX_LANGUAGE_STANDARD = "gnu++17";
				CLANG_ENABLE_MODULES = YES;
				CLANG_ENABLE_OBJC_ARC = YES;
				CLANG_ENABLE_OBJC_WEAK = YES;
				CLANG_WARN_BLOCK_CAPTURE_AUTORELEASING = YES;
				CLANG_WARN_BOOL_CONVERSION = YES;
				CLANG_WARN_COMMA = YES;
				CLANG_WARN_CONSTANT_CONVERSION = YES;
				CLANG_WARN_DEPRECATED_OBJC_IMPLEMENTATIONS = YES;
				CLANG_WARN_DIRECT_OBJC_ISA_USAGE = YES_ERROR;
				CLANG_WARN_DOCUMENTATION_COMMENTS = YES;
				CLANG_WARN_EMPTY_BODY = YES;
				CLANG_WARN_ENUM_CONVERSION = YES;
				CLANG_WARN_INFINITE_RECURSION = YES;
				CLANG_WARN_INT_CONVERSION = YES;
				CLANG_WARN_NON_LITERAL_NULL_CONVERSION = YES;
				CLANG_WARN_OBJC_IMPLICIT_RETAIN_SELF = YES;
				CLANG_WARN_OBJC_LITERAL_CONVERSION = YES;
				CLANG_WARN_OBJC_ROOT_CLASS = YES_ERROR;
				CLANG_WARN_QUOTED_INCLUDE_IN_FRAMEWORK_HEADER = YES;
				CLANG_WARN_RANGE_LOOP_ANALYSIS = YES;
				CLANG_WARN_STRICT_PROTOTYPES = YES;
				CLANG_WARN_SUSPICIOUS_MOVE = YES;
				CLANG_WARN_UNGUARDED_AVAILABILITY = YES_AGGRESSIVE;
				CLANG_WARN_UNREACHABLE_CODE = YES;
				CLANG_WARN__DUPLICATE_METHOD_MATCH = YES;
				COPY_PHASE_STRIP = NO;
				DEBUG_INFORMATION_FORMAT = dwarf;
				ENABLE_STRICT_OBJC_MSGSEND = YES;
				ENABLE_TESTABILITY = YES;
				GCC_C_LANGUAGE_STANDARD = gnu11;
				GCC_DYNAMIC_NO_PIC = NO;
				GCC_NO_COMMON_BLOCKS = YES;
				GCC_OPTIMIZATION_LEVEL = 0;
				GCC_PREPROCESSOR_DEFINITIONS = (
					"DEBUG=1",
					"$(inherited)",
				);
				GCC_WARN_64_TO_32_BIT_CONVERSION = YES;
				GCC_WARN_ABOUT_RETURN_TYPE = YES_ERROR;
				GCC_WARN_UNDECLARED_SELECTOR = YES;
				GCC_WARN_UNINITIALIZED_AUTOS = YES_AGGRESSIVE;
				GCC_WARN_UNUSED_FUNCTION = YES;
				GCC_WARN_UNUSED_VARIABLE = YES;
				IPHONEOS_DEPLOYMENT_TARGET = 15.5;
				MTL_ENABLE_DEBUG_INFO = INCLUDE_SOURCE;
				MTL_FAST_MATH = YES;
				ONLY_ACTIVE_ARCH = YES;
				SDKROOT = iphoneos;
				SWIFT_ACTIVE_COMPILATION_CONDITIONS = DEBUG;
				SWIFT_OPTIMIZATION_LEVEL = "-Onone";
			};
			name = Debug;
		};
		D59A3D1E283BA15300D74EBB /* Release */ = {
			isa = XCBuildConfiguration;
			buildSettings = {
				ALWAYS_SEARCH_USER_PATHS = NO;
				CLANG_ANALYZER_NONNULL = YES;
				CLANG_ANALYZER_NUMBER_OBJECT_CONVERSION = YES_AGGRESSIVE;
				CLANG_CXX_LANGUAGE_STANDARD = "gnu++17";
				CLANG_ENABLE_MODULES = YES;
				CLANG_ENABLE_OBJC_ARC = YES;
				CLANG_ENABLE_OBJC_WEAK = YES;
				CLANG_WARN_BLOCK_CAPTURE_AUTORELEASING = YES;
				CLANG_WARN_BOOL_CONVERSION = YES;
				CLANG_WARN_COMMA = YES;
				CLANG_WARN_CONSTANT_CONVERSION = YES;
				CLANG_WARN_DEPRECATED_OBJC_IMPLEMENTATIONS = YES;
				CLANG_WARN_DIRECT_OBJC_ISA_USAGE = YES_ERROR;
				CLANG_WARN_DOCUMENTATION_COMMENTS = YES;
				CLANG_WARN_EMPTY_BODY = YES;
				CLANG_WARN_ENUM_CONVERSION = YES;
				CLANG_WARN_INFINITE_RECURSION = YES;
				CLANG_WARN_INT_CONVERSION = YES;
				CLANG_WARN_NON_LITERAL_NULL_CONVERSION = YES;
				CLANG_WARN_OBJC_IMPLICIT_RETAIN_SELF = YES;
				CLANG_WARN_OBJC_LITERAL_CONVERSION = YES;
				CLANG_WARN_OBJC_ROOT_CLASS = YES_ERROR;
				CLANG_WARN_QUOTED_INCLUDE_IN_FRAMEWORK_HEADER = YES;
				CLANG_WARN_RANGE_LOOP_ANALYSIS = YES;
				CLANG_WARN_STRICT_PROTOTYPES = YES;
				CLANG_WARN_SUSPICIOUS_MOVE = YES;
				CLANG_WARN_UNGUARDED_AVAILABILITY = YES_AGGRESSIVE;
				CLANG_WARN_UNREACHABLE_CODE = YES;
				CLANG_WARN__DUPLICATE_METHOD_MATCH = YES;
				COPY_PHASE_STRIP = NO;
				DEBUG_INFORMATION_FORMAT = "dwarf-with-dsym";
				ENABLE_NS_ASSERTIONS = NO;
				ENABLE_STRICT_OBJC_MSGSEND = YES;
				GCC_C_LANGUAGE_STANDARD = gnu11;
				GCC_NO_COMMON_BLOCKS = YES;
				GCC_WARN_64_TO_32_BIT_CONVERSION = YES;
				GCC_WARN_ABOUT_RETURN_TYPE = YES_ERROR;
				GCC_WARN_UNDECLARED_SELECTOR = YES;
				GCC_WARN_UNINITIALIZED_AUTOS = YES_AGGRESSIVE;
				GCC_WARN_UNUSED_FUNCTION = YES;
				GCC_WARN_UNUSED_VARIABLE = YES;
				IPHONEOS_DEPLOYMENT_TARGET = 15.5;
				MTL_ENABLE_DEBUG_INFO = NO;
				MTL_FAST_MATH = YES;
				SDKROOT = iphoneos;
				SWIFT_COMPILATION_MODE = wholemodule;
				SWIFT_OPTIMIZATION_LEVEL = "-O";
				VALIDATE_PRODUCT = YES;
			};
			name = Release;
		};
		D59A3D20283BA15300D74EBB /* Debug */ = {
			isa = XCBuildConfiguration;
			buildSettings = {
				ASSETCATALOG_COMPILER_APPICON_NAME = AppIcon;
				ASSETCATALOG_COMPILER_GLOBAL_ACCENT_COLOR_NAME = AccentColor;
				CODE_SIGN_STYLE = Automatic;
				CURRENT_PROJECT_VERSION = 1;
				DEVELOPMENT_TEAM = 586H9K983F;
				GENERATE_INFOPLIST_FILE = YES;
				INFOPLIST_FILE = CountriesJSON/App/Info.plist;
				INFOPLIST_KEY_UIApplicationSupportsIndirectInputEvents = YES;
				INFOPLIST_KEY_UILaunchStoryboardName = LaunchScreen;
				INFOPLIST_KEY_UIMainStoryboardFile = Main;
				INFOPLIST_KEY_UISupportedInterfaceOrientations_iPad = "UIInterfaceOrientationPortrait UIInterfaceOrientationPortraitUpsideDown UIInterfaceOrientationLandscapeLeft UIInterfaceOrientationLandscapeRight";
				INFOPLIST_KEY_UISupportedInterfaceOrientations_iPhone = "UIInterfaceOrientationPortrait UIInterfaceOrientationLandscapeLeft UIInterfaceOrientationLandscapeRight";
				LD_RUNPATH_SEARCH_PATHS = (
					"$(inherited)",
					"@executable_path/Frameworks",
				);
				MARKETING_VERSION = 1.0;
				PRODUCT_BUNDLE_IDENTIFIER = ru.maxgrishenko.CountriesJSON;
				PRODUCT_NAME = "$(TARGET_NAME)";
				SWIFT_EMIT_LOC_STRINGS = YES;
				SWIFT_VERSION = 5.0;
				TARGETED_DEVICE_FAMILY = "1,2";
			};
			name = Debug;
		};
		D59A3D21283BA15300D74EBB /* Release */ = {
			isa = XCBuildConfiguration;
			buildSettings = {
				ASSETCATALOG_COMPILER_APPICON_NAME = AppIcon;
				ASSETCATALOG_COMPILER_GLOBAL_ACCENT_COLOR_NAME = AccentColor;
				CODE_SIGN_STYLE = Automatic;
				CURRENT_PROJECT_VERSION = 1;
				DEVELOPMENT_TEAM = 586H9K983F;
				GENERATE_INFOPLIST_FILE = YES;
				INFOPLIST_FILE = CountriesJSON/App/Info.plist;
				INFOPLIST_KEY_UIApplicationSupportsIndirectInputEvents = YES;
				INFOPLIST_KEY_UILaunchStoryboardName = LaunchScreen;
				INFOPLIST_KEY_UIMainStoryboardFile = Main;
				INFOPLIST_KEY_UISupportedInterfaceOrientations_iPad = "UIInterfaceOrientationPortrait UIInterfaceOrientationPortraitUpsideDown UIInterfaceOrientationLandscapeLeft UIInterfaceOrientationLandscapeRight";
				INFOPLIST_KEY_UISupportedInterfaceOrientations_iPhone = "UIInterfaceOrientationPortrait UIInterfaceOrientationLandscapeLeft UIInterfaceOrientationLandscapeRight";
				LD_RUNPATH_SEARCH_PATHS = (
					"$(inherited)",
					"@executable_path/Frameworks",
				);
				MARKETING_VERSION = 1.0;
				PRODUCT_BUNDLE_IDENTIFIER = ru.maxgrishenko.CountriesJSON;
				PRODUCT_NAME = "$(TARGET_NAME)";
				SWIFT_EMIT_LOC_STRINGS = YES;
				SWIFT_VERSION = 5.0;
				TARGETED_DEVICE_FAMILY = "1,2";
			};
			name = Release;
		};
/* End XCBuildConfiguration section */

/* Begin XCConfigurationList section */
		D59A3D06283BA15200D74EBB /* Build configuration list for PBXProject "CountriesJSON" */ = {
			isa = XCConfigurationList;
			buildConfigurations = (
				D59A3D1D283BA15300D74EBB /* Debug */,
				D59A3D1E283BA15300D74EBB /* Release */,
			);
			defaultConfigurationIsVisible = 0;
			defaultConfigurationName = Release;
		};
		D59A3D1F283BA15300D74EBB /* Build configuration list for PBXNativeTarget "CountriesJSON" */ = {
			isa = XCConfigurationList;
			buildConfigurations = (
				D59A3D20283BA15300D74EBB /* Debug */,
				D59A3D21283BA15300D74EBB /* Release */,
			);
			defaultConfigurationIsVisible = 0;
			defaultConfigurationName = Release;
		};
/* End XCConfigurationList section */
	};
	rootObject = D59A3D03283BA15200D74EBB /* Project object */;
}
